
Microsoft Visual Studio Solution File, Format Version 12.00
# Visual Studio Version 16
VisualStudioVersion = 16.0.30114.105
MinimumVisualStudioVersion = 10.0.40219.1
Project("{FAE04EC0-301F-11D3-BF4B-00C04F79EFBC}") = "SortedSplitList", "SortedSplitList\SortedSplitList.csproj", "{9E567B71-7288-4195-8D2A-0ED596D3317B}"
EndProject
Project("{FAE04EC0-301F-11D3-BF4B-00C04F79EFBC}") = "SortedSplitListTest", "SortedSplitListTest\SortedSplitListTest.csproj", "{3E84AF22-AF23-40A2-B470-E0C5FA3D3C23}"
EndProject
Global
	GlobalSection(SolutionConfigurationPlatforms) = preSolution
		Debug|Any CPU = Debug|Any CPU
		Release|Any CPU = Release|Any CPU
	EndGlobalSection
	GlobalSection(SolutionProperties) = preSolution
		HideSolutionNode = FALSE
	EndGlobalSection
	GlobalSection(ProjectConfigurationPlatforms) = postSolution
		{9E567B71-7288-4195-8D2A-0ED596D3317B}.Debug|Any CPU.ActiveCfg = Debug|Any CPU
		{9E567B71-7288-4195-8D2A-0ED596D3317B}.Debug|Any CPU.Build.0 = Debug|Any CPU
		{9E567B71-7288-4195-8D2A-0ED596D3317B}.Release|Any CPU.ActiveCfg = Release|Any CPU
		{9E567B71-7288-4195-8D2A-0ED596D3317B}.Release|Any CPU.Build.0 = Release|Any CPU
		{3E84AF22-AF23-40A2-B470-E0C5FA3D3C23}.Debug|Any CPU.ActiveCfg = Debug|Any CPU
		{3E84AF22-AF23-40A2-B470-E0C5FA3D3C23}.Debug|Any CPU.Build.0 = Debug|Any CPU
		{3E84AF22-AF23-40A2-B470-E0C5FA3D3C23}.Release|Any CPU.ActiveCfg = Release|Any CPU
		{3E84AF22-AF23-40A2-B470-E0C5FA3D3C23}.Release|Any CPU.Build.0 = Release|Any CPU
	EndGlobalSection
EndGlobal
